// !$*UTF8*$!
{
	archiveVersion = 1;
	classes = {
	};
	objectVersion = 46;
	objects = {

/* Begin PBXBuildFile section */
		63FB758E1E17DB5500614534 /* main.cpp in Sources */ = {isa = PBXBuildFile; fileRef = 63FB758C1E17DB5500614534 /* main.cpp */; };
		63FB758F1E17DB5500614534 /* myheader.cpp in Sources */ = {isa = PBXBuildFile; fileRef = 63FB758D1E17DB5500614534 /* myheader.cpp */; };
/* End PBXBuildFile section */

/* Begin PBXCopyFilesBuildPhase section */
		63FB75801E17DB1D00614534 /* CopyFiles */ = {
			isa = PBXCopyFilesBuildPhase;
			buildActionMask = 2147483647;
			dstPath = /usr/share/man/man1/;
			dstSubfolderSpec = 0;
			files = (
			);
			runOnlyForDeploymentPostprocessing = 1;
		};
/* End PBXCopyFilesBuildPhase section */

/* Begin PBXFileReference section */
		63FB75821E17DB1D00614534 /* Example-035 */ = {isa = PBXFileReference; explicitFileType = "compiled.mach-o.executable"; includeInIndex = 0; path = "Example-035"; sourceTree = BUILT_PRODUCTS_DIR; };
		63FB758C1E17DB5500614534 /* main.cpp */ = {isa = PBXFileReference; fileEncoding = 4; lastKnownFileType = sourcecode.cpp.cpp; name = main.cpp; path = ../src/main.cpp; sourceTree = "<group>"; };
		63FB758D1E17DB5500614534 /* myheader.cpp */ = {isa = PBXFileReference; fileEncoding = 4; lastKnownFileType = sourcecode.cpp.cpp; name = myheader.cpp; path = ../src/myheader.cpp; sourceTree = "<group>"; };
		63FB75901E17DB6300614534 /* myheader.h */ = {isa = PBXFileReference; fileEncoding = 4; lastKnownFileType = sourcecode.c.h; name = myheader.h; path = ../include/myheader.h; sourceTree = "<group>"; };
/* End PBXFileReference section */

/* Begin PBXFrameworksBuildPhase section */
		63FB757F1E17DB1D00614534 /* Frameworks */ = {
			isa = PBXFrameworksBuildPhase;
			buildActionMask = 2147483647;
			files = (
			);
			runOnlyForDeploymentPostprocessing = 0;
		};
/* End PBXFrameworksBuildPhase section */

/* Begin PBXGroup section */
		63FB75791E17DB1D00614534 = {
			isa = PBXGroup;
			children = (
				63FB75901E17DB6300614534 /* myheader.h */,
				63FB758C1E17DB5500614534 /* main.cpp */,
				63FB758D1E17DB5500614534 /* myheader.cpp */,
				63FB75841E17DB1D00614534 /* Example-035 */,
				63FB75831E17DB1D00614534 /* Products */,
			);
			sourceTree = "<group>";
		};
		63FB75831E17DB1D00614534 /* Products */ = {
			isa = PBXGroup;
			children = (
				63FB75821E17DB1D00614534 /* Example-035 */,
			);
			name = Products;
			sourceTree = "<group>";
		};
		63FB75841E17DB1D00614534 /* Example-035 */ = {
			isa = PBXGroup;
			children = (
			);
			path = "Example-035";
			sourceTree = "<group>";
		};
/* End PBXGroup section */

/* Begin PBXNativeTarget section */
		63FB75811E17DB1D00614534 /* Example-035 */ = {
			isa = PBXNativeTarget;
			buildConfigurationList = 63FB75891E17DB1D00614534 /* Build configuration list for PBXNativeTarget "Example-035" */;
			buildPhases = (
				63FB757E1E17DB1D00614534 /* Sources */,
				63FB757F1E17DB1D00614534 /* Frameworks */,
				63FB75801E17DB1D00614534 /* CopyFiles */,
			);
			buildRules = (
			);
			dependencies = (
			);
			name = "Example-035";
			productName = "Example-035";
			productReference = 63FB75821E17DB1D00614534 /* Example-035 */;
			productType = "com.apple.product-type.tool";
		};
/* End PBXNativeTarget section */

/* Begin PBXProject section */
		63FB757A1E17DB1D00614534 /* Project object */ = {
			isa = PBXProject;
			attributes = {
				LastUpgradeCheck = 0810;
				ORGANIZATIONNAME = "David Canino";
				TargetAttributes = {
					63FB75811E17DB1D00614534 = {
						CreatedOnToolsVersion = 8.1;
						DevelopmentTeam = WFRBN668F6;
						ProvisioningStyle = Automatic;
					};
				};
			};
			buildConfigurationList = 63FB757D1E17DB1D00614534 /* Build configuration list for PBXProject "Example-035" */;
			compatibilityVersion = "Xcode 3.2";
			developmentRegion = English;
			hasScannedForEncodings = 0;
			knownRegions = (
				en,
			);
			mainGroup = 63FB75791E17DB1D00614534;
			productRefGroup = 63FB75831E17DB1D00614534 /* Products */;
			projectDirPath = "";
			projectRoot = "";
			targets = (
				63FB75811E17DB1D00614534 /* Example-035 */,
			);
		};
/* End PBXProject section */

/* Begin PBXSourcesBuildPhase section */
		63FB757E1E17DB1D00614534 /* Sources */ = {
			isa = PBXSourcesBuildPhase;
			buildActionMask = 2147483647;
			files = (
				63FB758F1E17DB5500614534 /* myheader.cpp in Sources */,
				63FB758E1E17DB5500614534 /* main.cpp in Sources */,
			);
			runOnlyForDeploymentPostprocessing = 0;
		};
/* End PBXSourcesBuildPhase section */

/* Begin XCBuildConfiguration section */
		63FB75871E17DB1D00614534 /* Debug */ = {
			isa = XCBuildConfiguration;
			buildSettings = {
				ALWAYS_SEARCH_USER_PATHS = NO;
				CLANG_ANALYZER_NONNULL = YES;
				CLANG_CXX_LANGUAGE_STANDARD = "gnu++0x";
				CLANG_CXX_LIBRARY = "libc++";
				CLANG_ENABLE_MODULES = YES;
				CLANG_ENABLE_OBJC_ARC = YES;
				CLANG_WARN_BOOL_CONVERSION = YES;
				CLANG_WARN_CONSTANT_CONVERSION = YES;
				CLANG_WARN_DIRECT_OBJC_ISA_USAGE = YES_ERROR;
				CLANG_WARN_DOCUMENTATION_COMMENTS = YES;
				CLANG_WARN_EMPTY_BODY = YES;
				CLANG_WARN_ENUM_CONVERSION = YES;
				CLANG_WARN_INFINITE_RECURSION = YES;
				CLANG_WARN_INT_CONVERSION = YES;
				CLANG_WARN_OBJC_ROOT_CLASS = YES_ERROR;
				CLANG_WARN_SUSPICIOUS_MOVES = YES;
				CLANG_WARN_UNREACHABLE_CODE = YES;
				CLANG_WARN__DUPLICATE_METHOD_MATCH = YES;
				CODE_SIGN_IDENTITY = "-";
				COPY_PHASE_STRIP = NO;
				DEBUG_INFORMATION_FORMAT = dwarf;
				ENABLE_STRICT_OBJC_MSGSEND = YES;
				ENABLE_TESTABILITY = YES;
				GCC_C_LANGUAGE_STANDARD = gnu99;
				GCC_DYNAMIC_NO_PIC = NO;
				GCC_NO_COMMON_BLOCKS = YES;
				GCC_OPTIMIZATION_LEVEL = 0;
				GCC_PREPROCESSOR_DEFINITIONS = (
					"DEBUG=1",
					"$(inherited)",
				);
				GCC_WARN_64_TO_32_BIT_CONVERSION = YES;
				GCC_WARN_ABOUT_RETURN_TYPE = YES_ERROR;
				GCC_WARN_UNDECLARED_SELECTOR = YES;
				GCC_WARN_UNINITIALIZED_AUTOS = YES_AGGRESSIVE;
				GCC_WARN_UNUSED_FUNCTION = YES;
				GCC_WARN_UNUSED_VARIABLE = YES;
				MACOSX_DEPLOYMENT_TARGET = 10.11;
				MTL_ENABLE_DEBUG_INFO = YES;
				ONLY_ACTIVE_ARCH = YES;
				SDKROOT = macosx;
			};
			name = Debug;
		};
		63FB75881E17DB1D00614534 /* Release */ = {
			isa = XCBuildConfiguration;
			buildSettings = {
				ALWAYS_SEARCH_USER_PATHS = NO;
				CLANG_ANALYZER_NONNULL = YES;
				CLANG_CXX_LANGUAGE_STANDARD = "gnu++0x";
				CLANG_CXX_LIBRARY = "libc++";
				CLANG_ENABLE_MODULES = YES;
				CLANG_ENABLE_OBJC_ARC = YES;
				CLANG_WARN_BOOL_CONVERSION = YES;
				CLANG_WARN_CONSTANT_CONVERSION = YES;
				CLANG_WARN_DIRECT_OBJC_ISA_USAGE = YES_ERROR;
				CLANG_WARN_DOCUMENTATION_COMMENTS = YES;
				CLANG_WARN_EMPTY_BODY = YES;
				CLANG_WARN_ENUM_CONVERSION = YES;
				CLANG_WARN_INFINITE_RECURSION = YES;
				CLANG_WARN_INT_CONVERSION = YES;
				CLANG_WARN_OBJC_ROOT_CLASS = YES_ERROR;
				CLANG_WARN_SUSPICIOUS_MOVES = YES;
				CLANG_WARN_UNREACHABLE_CODE = YES;
				CLANG_WARN__DUPLICATE_METHOD_MATCH = YES;
				CODE_SIGN_IDENTITY = "-";
				COPY_PHASE_STRIP = NO;
				DEBUG_INFORMATION_FORMAT = "dwarf-with-dsym";
				ENABLE_NS_ASSERTIONS = NO;
				ENABLE_STRICT_OBJC_MSGSEND = YES;
				GCC_C_LANGUAGE_STANDARD = gnu99;
				GCC_NO_COMMON_BLOCKS = YES;
				GCC_WARN_64_TO_32_BIT_CONVERSION = YES;
				GCC_WARN_ABOUT_RETURN_TYPE = YES_ERROR;
				GCC_WARN_UNDECLARED_SELECTOR = YES;
				GCC_WARN_UNINITIALIZED_AUTOS = YES_AGGRESSIVE;
				GCC_WARN_UNUSED_FUNCTION = YES;
				GCC_WARN_UNUSED_VARIABLE = YES;
				MACOSX_DEPLOYMENT_TARGET = 10.11;
				MTL_ENABLE_DEBUG_INFO = NO;
				SDKROOT = macosx;
			};
			name = Release;
		};
		63FB758A1E17DB1D00614534 /* Debug */ = {
			isa = XCBuildConfiguration;
			buildSettings = {
				DEVELOPMENT_TEAM = WFRBN668F6;
				PRODUCT_NAME = "$(TARGET_NAME)";
			};
			name = Debug;
		};
		63FB758B1E17DB1D00614534 /* Release */ = {
			isa = XCBuildConfiguration;
			buildSettings = {
				DEVELOPMENT_TEAM = WFRBN668F6;
				PRODUCT_NAME = "$(TARGET_NAME)";
			};
			name = Release;
		};
/* End XCBuildConfiguration section */

/* Begin XCConfigurationList section */
		63FB757D1E17DB1D00614534 /* Build configuration list for PBXProject "Example-035" */ = {
			isa = XCConfigurationList;
			buildConfigurations = (
				63FB75871E17DB1D00614534 /* Debug */,
				63FB75881E17DB1D00614534 /* Release */,
			);
			defaultConfigurationIsVisible = 0;
			defaultConfigurationName = Release;
		};
		63FB75891E17DB1D00614534 /* Build configuration list for PBXNativeTarget "Example-035" */ = {
			isa = XCConfigurationList;
			buildConfigurations = (
				63FB758A1E17DB1D00614534 /* Debug */,
				63FB758B1E17DB1D00614534 /* Release */,
			);
			defaultConfigurationIsVisible = 0;
			defaultConfigurationName = Release;
		};
/* End XCConfigurationList section */
	};
	rootObject = 63FB757A1E17DB1D00614534 /* Project object */;
}
